
Microsoft Visual Studio Solution File, Format Version 12.00
# Visual Studio Version 17
VisualStudioVersion = 17.9.34622.214
MinimumVisualStudioVersion = 10.0.40219.1
Project("{FAE04EC0-301F-11D3-BF4B-00C04F79EFBC}") = "ExternalServerHandlerAPI", "ExternalServerHandlerAPI\ExternalServerHandlerAPI.csproj", "{77CA1B87-A6CE-4FC0-B93C-E47AB954A3D5}"
EndProject
Global
	GlobalSection(SolutionConfigurationPlatforms) = preSolution
		Debug|Any CPU = Debug|Any CPU
		Release|Any CPU = Release|Any CPU
	EndGlobalSection
	GlobalSection(ProjectConfigurationPlatforms) = postSolution
		{77CA1B87-A6CE-4FC0-B93C-E47AB954A3D5}.Debug|Any CPU.ActiveCfg = Debug|Any CPU
		{77CA1B87-A6CE-4FC0-B93C-E47AB954A3D5}.Debug|Any CPU.Build.0 = Debug|Any CPU
		{77CA1B87-A6CE-4FC0-B93C-E47AB954A3D5}.Release|Any CPU.ActiveCfg = Release|Any CPU
		{77CA1B87-A6CE-4FC0-B93C-E47AB954A3D5}.Release|Any CPU.Build.0 = Release|Any CPU
	EndGlobalSection
	GlobalSection(SolutionProperties) = preSolution
		HideSolutionNode = FALSE
	EndGlobalSection
	GlobalSection(ExtensibilityGlobals) = postSolution
		SolutionGuid = {A71F3C04-2C00-4E6B-8F84-5F586A39D2CB}
	EndGlobalSection
EndGlobal
